
Microsoft Visual Studio Solution File, Format Version 12.00
# Visual Studio Version 17
VisualStudioVersion = 17.0.31903.59
MinimumVisualStudioVersion = 10.0.40219.1
Project("{F2A71F9B-5D33-465A-A702-920D77279786}") = "MinimalApi", "MinimalApi\MinimalApi.fsproj", "{DC311354-1413-4246-81C6-45F598E225ED}"
EndProject
Project("{F2A71F9B-5D33-465A-A702-920D77279786}") = "MinimalApi.Tests", "MinimalApi.Tests\MinimalApi.Tests.fsproj", "{4452E0CA-C515-4D4F-9866-9FD571DBCE7A}"
EndProject
Global
	GlobalSection(SolutionProperties) = preSolution
		HideSolutionNode = FALSE
	EndGlobalSection
	GlobalSection(SolutionConfigurationPlatforms) = preSolution
		Debug|Any CPU = Debug|Any CPU
		Debug|x64 = Debug|x64
		Debug|x86 = Debug|x86
		Release|Any CPU = Release|Any CPU
		Release|x64 = Release|x64
		Release|x86 = Release|x86
	EndGlobalSection
	GlobalSection(ProjectConfigurationPlatforms) = postSolution
		{DC311354-1413-4246-81C6-45F598E225ED}.Debug|Any CPU.ActiveCfg = Debug|Any CPU
		{DC311354-1413-4246-81C6-45F598E225ED}.Debug|Any CPU.Build.0 = Debug|Any CPU
		{DC311354-1413-4246-81C6-45F598E225ED}.Debug|x64.ActiveCfg = Debug|Any CPU
		{DC311354-1413-4246-81C6-45F598E225ED}.Debug|x64.Build.0 = Debug|Any CPU
		{DC311354-1413-4246-81C6-45F598E225ED}.Debug|x86.ActiveCfg = Debug|Any CPU
		{DC311354-1413-4246-81C6-45F598E225ED}.Debug|x86.Build.0 = Debug|Any CPU
		{DC311354-1413-4246-81C6-45F598E225ED}.Release|Any CPU.ActiveCfg = Release|Any CPU
		{DC311354-1413-4246-81C6-45F598E225ED}.Release|Any CPU.Build.0 = Release|Any CPU
		{DC311354-1413-4246-81C6-45F598E225ED}.Release|x64.ActiveCfg = Release|Any CPU
		{DC311354-1413-4246-81C6-45F598E225ED}.Release|x64.Build.0 = Release|Any CPU
		{DC311354-1413-4246-81C6-45F598E225ED}.Release|x86.ActiveCfg = Release|Any CPU
		{DC311354-1413-4246-81C6-45F598E225ED}.Release|x86.Build.0 = Release|Any CPU
		{4452E0CA-C515-4D4F-9866-9FD571DBCE7A}.Debug|Any CPU.ActiveCfg = Debug|Any CPU
		{4452E0CA-C515-4D4F-9866-9FD571DBCE7A}.Debug|Any CPU.Build.0 = Debug|Any CPU
		{4452E0CA-C515-4D4F-9866-9FD571DBCE7A}.Debug|x64.ActiveCfg = Debug|Any CPU
		{4452E0CA-C515-4D4F-9866-9FD571DBCE7A}.Debug|x64.Build.0 = Debug|Any CPU
		{4452E0CA-C515-4D4F-9866-9FD571DBCE7A}.Debug|x86.ActiveCfg = Debug|Any CPU
		{4452E0CA-C515-4D4F-9866-9FD571DBCE7A}.Debug|x86.Build.0 = Debug|Any CPU
		{4452E0CA-C515-4D4F-9866-9FD571DBCE7A}.Release|Any CPU.ActiveCfg = Release|Any CPU
		{4452E0CA-C515-4D4F-9866-9FD571DBCE7A}.Release|Any CPU.Build.0 = Release|Any CPU
		{4452E0CA-C515-4D4F-9866-9FD571DBCE7A}.Release|x64.ActiveCfg = Release|Any CPU
		{4452E0CA-C515-4D4F-9866-9FD571DBCE7A}.Release|x64.Build.0 = Release|Any CPU
		{4452E0CA-C515-4D4F-9866-9FD571DBCE7A}.Release|x86.ActiveCfg = Release|Any CPU
		{4452E0CA-C515-4D4F-9866-9FD571DBCE7A}.Release|x86.Build.0 = Release|Any CPU
	EndGlobalSection
EndGlobal
